lockfileVersion: '6.0'

settings:
  autoInstallPeers: true
  excludeLinksFromLockfile: false

dependencies:
  '@types/google-apps-script':
    specifier: ^1.0.82
    version: 1.0.82
  '@types/node':
    specifier: ^20.12.2
    version: 20.12.2
  typescript:
    specifier: ^5.4.3
    version: 5.4.3

packages:

  /@types/google-apps-script@1.0.82:
    resolution: {integrity: sha512-umYZj3h057s/sF3aGo0JDiuXLVkqj2rfu6D+OzHlYjKV1fGCjL62L1tndSxe4h7oiHEEgdubFkOLZ7O6xB3L9g==}
    dev: false

  /@types/node@20.12.2:
    resolution: {integrity: sha512-zQ0NYO87hyN6Xrclcqp7f8ZbXNbRfoGWNcMvHTPQp9UUrwI0mI7XBz+cu7/W6/VClYo2g63B0cjull/srU7LgQ==}
    dependencies:
      undici-types: 5.26.5
    dev: false

  /typescript@5.4.3:
    resolution: {integrity: sha512-KrPd3PKaCLr78MalgiwJnA25Nm8HAmdwN3mYUYZgG/wizIo9EainNVQI9/yDavtVFRN2h3k8uf3GLHuhDMgEHg==}
    engines: {node: '>=14.17'}
    hasBin: true
    dev: false

  /undici-types@5.26.5:
    resolution: {integrity: sha512-JlCMO+ehdEIKqlFxk6IfVoAUVmgz7cU7zD/h9XZ0qzeosSHmUJVOzSQvvYSYWXkFXC+IfLKSIffhv0sVZup6pA==}
    dev: false
